{
  "name": "node_modules_practice",
  "version": "1.0.0",
  "lockfileVersion": 1,
  "requires": true,
  "dependencies": {
    "centra": {
      "version": "2.4.2",
      "resolved": "https://registry.npmjs.org/centra/-/centra-2.4.2.tgz",
      "integrity": "sha512-f1RaP0V1HqVNEXfLfjNBthB2yy3KnSGnPCnOPCFLUk9e/Z4rNJ8nBaJNnghflnp88mi1IT8mfmW+HlMS1/H+bg=="
    },
    "phin": {
      "version": "3.5.1",
      "resolved": "https://registry.npmjs.org/phin/-/phin-3.5.1.tgz",
      "integrity": "sha512-jgFO28IaiWAl0xk+zmqVx7neKVokWKU8YTQC5QlB45SZnEE53LH2saqJIcyIV557VX3Gk+TdR4rwWTc3P83DSA==",
      "requires": {
        "centra": "^2.4.2"
      }
    },
    "weather": {
      "version": "1.0.4",
      "resolved": "https://registry.npmjs.org/weather/-/weather-1.0.4.tgz",
      "integrity": "sha512-6K4jGKz0Hr5Lsc0UgencI2218kSJsiPahW0VJ/PzblEA0uTNv4AgNyebQUW8vqy2y+Pm3VHMTCkTCrnSe8PeKQ==",
      "requires": {
        "phin": "^3.4.0"
      }
    }
  }
}
